
Microsoft Visual Studio Solution File, Format Version 12.00
# Visual Studio Version 17
VisualStudioVersion = 17.9.34728.123
MinimumVisualStudioVersion = 10.0.40219.1
Project("{FAE04EC0-301F-11D3-BF4B-00C04F79EFBC}") = "Mrs_Louders_Library", "Mrs_Louders_Library\Mrs_Louders_Library.csproj", "{14246CA9-BA52-4616-9CCF-F5C734C96EDB}"
EndProject
Global
	GlobalSection(SolutionConfigurationPlatforms) = preSolution
		Debug|Any CPU = Debug|Any CPU
		Release|Any CPU = Release|Any CPU
	EndGlobalSection
	GlobalSection(ProjectConfigurationPlatforms) = postSolution
		{14246CA9-BA52-4616-9CCF-F5C734C96EDB}.Debug|Any CPU.ActiveCfg = Debug|Any CPU
		{14246CA9-BA52-4616-9CCF-F5C734C96EDB}.Debug|Any CPU.Build.0 = Debug|Any CPU
		{14246CA9-BA52-4616-9CCF-F5C734C96EDB}.Release|Any CPU.ActiveCfg = Release|Any CPU
		{14246CA9-BA52-4616-9CCF-F5C734C96EDB}.Release|Any CPU.Build.0 = Release|Any CPU
	EndGlobalSection
	GlobalSection(SolutionProperties) = preSolution
		HideSolutionNode = FALSE
	EndGlobalSection
	GlobalSection(ExtensibilityGlobals) = postSolution
		SolutionGuid = {2097E11E-6958-4D74-AB31-4D25F94AD0BB}
	EndGlobalSection
EndGlobal
